
Microsoft Visual Studio Solution File, Format Version 12.00
# Visual Studio 15
VisualStudioVersion = 15.0.28307.271
MinimumVisualStudioVersion = 10.0.40219.1
Project("{FAE04EC0-301F-11D3-BF4B-00C04F79EFBC}") = "WinAppTrojuholnik", "WinAppTrojuholnik\WinAppTrojuholnik.csproj", "{4872522E-3C40-4541-8A48-5FA440C98501}"
EndProject
Global
	GlobalSection(SolutionConfigurationPlatforms) = preSolution
		Debug|Any CPU = Debug|Any CPU
		Release|Any CPU = Release|Any CPU
	EndGlobalSection
	GlobalSection(ProjectConfigurationPlatforms) = postSolution
		{4872522E-3C40-4541-8A48-5FA440C98501}.Debug|Any CPU.ActiveCfg = Debug|Any CPU
		{4872522E-3C40-4541-8A48-5FA440C98501}.Debug|Any CPU.Build.0 = Debug|Any CPU
		{4872522E-3C40-4541-8A48-5FA440C98501}.Release|Any CPU.ActiveCfg = Release|Any CPU
		{4872522E-3C40-4541-8A48-5FA440C98501}.Release|Any CPU.Build.0 = Release|Any CPU
	EndGlobalSection
	GlobalSection(SolutionProperties) = preSolution
		HideSolutionNode = FALSE
	EndGlobalSection
	GlobalSection(ExtensibilityGlobals) = postSolution
		SolutionGuid = {DAF1EC7B-BE28-4D96-A6BD-8AED4E886B0F}
	EndGlobalSection
EndGlobal
